// !$*UTF8*$!
{
	archiveVersion = 1;
	classes = {
	};
	objectVersion = 46;
	objects = {

/* Begin PBXBuildFile section */
		4620645E737DF0181C50E831 /* Pods_iOs_HueUITests.framework in Frameworks */ = {isa = PBXBuildFile; fileRef = 8967D94C646B4004F52EADE9 /* Pods_iOs_HueUITests.framework */; };
		6860459409BC38CBA035B105 /* Pods_iOs_HueTests.framework in Frameworks */ = {isa = PBXBuildFile; fileRef = 6F4643A75A4DFB557DC3AFB1 /* Pods_iOs_HueTests.framework */; };
		F344274FCF0B7AE3D909CC8F /* Pods_iOs_Hue.framework in Frameworks */ = {isa = PBXBuildFile; fileRef = A4FD35CF85C705DAE8FF3DBC /* Pods_iOs_Hue.framework */; };
		F6D2478B1F6FC08F005B4C2A /* AppDelegate.swift in Sources */ = {isa = PBXBuildFile; fileRef = F6D2478A1F6FC08F005B4C2A /* AppDelegate.swift */; };
		F6D2478D1F6FC08F005B4C2A /* ViewController.swift in Sources */ = {isa = PBXBuildFile; fileRef = F6D2478C1F6FC08F005B4C2A /* ViewController.swift */; };
		F6D247901F6FC08F005B4C2A /* Main.storyboard in Resources */ = {isa = PBXBuildFile; fileRef = F6D2478E1F6FC08F005B4C2A /* Main.storyboard */; };
		F6D247921F6FC08F005B4C2A /* Assets.xcassets in Resources */ = {isa = PBXBuildFile; fileRef = F6D247911F6FC08F005B4C2A /* Assets.xcassets */; };
		F6D247951F6FC08F005B4C2A /* LaunchScreen.storyboard in Resources */ = {isa = PBXBuildFile; fileRef = F6D247931F6FC08F005B4C2A /* LaunchScreen.storyboard */; };
		F6D247A01F6FC08F005B4C2A /* iOs_HueTests.swift in Sources */ = {isa = PBXBuildFile; fileRef = F6D2479F1F6FC08F005B4C2A /* iOs_HueTests.swift */; };
		F6D247AB1F6FC090005B4C2A /* iOs_HueUITests.swift in Sources */ = {isa = PBXBuildFile; fileRef = F6D247AA1F6FC090005B4C2A /* iOs_HueUITests.swift */; };
		F6D247B91F6FC77D005B4C2A /* Location.swift in Sources */ = {isa = PBXBuildFile; fileRef = F6D247B81F6FC77D005B4C2A /* Location.swift */; };
		F6D247BB1F6FC7C4005B4C2A /* LocationTableViewCell.swift in Sources */ = {isa = PBXBuildFile; fileRef = F6D247BA1F6FC7C4005B4C2A /* LocationTableViewCell.swift */; };
		F6D247C11F6FCE9C005B4C2A /* LocationTableViewController.swift in Sources */ = {isa = PBXBuildFile; fileRef = F6D247C01F6FCE9C005B4C2A /* LocationTableViewController.swift */; };
		F6D247C31F6FD3E5005B4C2A /* Hue.swift in Sources */ = {isa = PBXBuildFile; fileRef = F6D247C21F6FD3E5005B4C2A /* Hue.swift */; };
		F6D247C61F6FD49D005B4C2A /* HueTableViewCell.swift in Sources */ = {isa = PBXBuildFile; fileRef = F6D247C51F6FD49D005B4C2A /* HueTableViewCell.swift */; };
		F6D247C81F6FD4B2005B4C2A /* HueTableViewController.swift in Sources */ = {isa = PBXBuildFile; fileRef = F6D247C71F6FD4B2005B4C2A /* HueTableViewController.swift */; };
		F6D247CA1F6FD6B1005B4C2A /* AlamoFireHandler.swift in Sources */ = {isa = PBXBuildFile; fileRef = F6D247C91F6FD6B1005B4C2A /* AlamoFireHandler.swift */; };
/* End PBXBuildFile section */

/* Begin PBXContainerItemProxy section */
		F6D2479C1F6FC08F005B4C2A /* PBXContainerItemProxy */ = {
			isa = PBXContainerItemProxy;
			containerPortal = F6D2477F1F6FC08F005B4C2A /* Project object */;
			proxyType = 1;
			remoteGlobalIDString = F6D247861F6FC08F005B4C2A;
			remoteInfo = "iOs-Hue";
		};
		F6D247A71F6FC090005B4C2A /* PBXContainerItemProxy */ = {
			isa = PBXContainerItemProxy;
			containerPortal = F6D2477F1F6FC08F005B4C2A /* Project object */;
			proxyType = 1;
			remoteGlobalIDString = F6D247861F6FC08F005B4C2A;
			remoteInfo = "iOs-Hue";
		};
/* End PBXContainerItemProxy section */

/* Begin PBXFileReference section */
		6F4643A75A4DFB557DC3AFB1 /* Pods_iOs_HueTests.framework */ = {isa = PBXFileReference; explicitFileType = wrapper.framework; includeInIndex = 0; path = Pods_iOs_HueTests.framework; sourceTree = BUILT_PRODUCTS_DIR; };
		8967D94C646B4004F52EADE9 /* Pods_iOs_HueUITests.framework */ = {isa = PBXFileReference; explicitFileType = wrapper.framework; includeInIndex = 0; path = Pods_iOs_HueUITests.framework; sourceTree = BUILT_PRODUCTS_DIR; };
		951230BFCDDA9E12FA894B2E /* Pods-iOs-HueTests.debug.xcconfig */ = {isa = PBXFileReference; includeInIndex = 1; lastKnownFileType = text.xcconfig; name = "Pods-iOs-HueTests.debug.xcconfig"; path = "Pods/Target Support Files/Pods-iOs-HueTests/Pods-iOs-HueTests.debug.xcconfig"; sourceTree = "<group>"; };
		95B791167166937E4E4FC115 /* Pods-iOs-HueUITests.debug.xcconfig */ = {isa = PBXFileReference; includeInIndex = 1; lastKnownFileType = text.xcconfig; name = "Pods-iOs-HueUITests.debug.xcconfig"; path = "Pods/Target Support Files/Pods-iOs-HueUITests/Pods-iOs-HueUITests.debug.xcconfig"; sourceTree = "<group>"; };
		A4FD35CF85C705DAE8FF3DBC /* Pods_iOs_Hue.framework */ = {isa = PBXFileReference; explicitFileType = wrapper.framework; includeInIndex = 0; path = Pods_iOs_Hue.framework; sourceTree = BUILT_PRODUCTS_DIR; };
		AB7D786B280D9CEB970127F9 /* Pods-iOs-HueTests.release.xcconfig */ = {isa = PBXFileReference; includeInIndex = 1; lastKnownFileType = text.xcconfig; name = "Pods-iOs-HueTests.release.xcconfig"; path = "Pods/Target Support Files/Pods-iOs-HueTests/Pods-iOs-HueTests.release.xcconfig"; sourceTree = "<group>"; };
		ABA25245C33A46FAFFF41F7B /* Pods-iOs-Hue.debug.xcconfig */ = {isa = PBXFileReference; includeInIndex = 1; lastKnownFileType = text.xcconfig; name = "Pods-iOs-Hue.debug.xcconfig"; path = "Pods/Target Support Files/Pods-iOs-Hue/Pods-iOs-Hue.debug.xcconfig"; sourceTree = "<group>"; };
		ED8DCF23ACCD70FA98E41D5A /* Pods-iOs-HueUITests.release.xcconfig */ = {isa = PBXFileReference; includeInIndex = 1; lastKnownFileType = text.xcconfig; name = "Pods-iOs-HueUITests.release.xcconfig"; path = "Pods/Target Support Files/Pods-iOs-HueUITests/Pods-iOs-HueUITests.release.xcconfig"; sourceTree = "<group>"; };
		F1D25AC534294DC4070472E4 /* Pods-iOs-Hue.release.xcconfig */ = {isa = PBXFileReference; includeInIndex = 1; lastKnownFileType = text.xcconfig; name = "Pods-iOs-Hue.release.xcconfig"; path = "Pods/Target Support Files/Pods-iOs-Hue/Pods-iOs-Hue.release.xcconfig"; sourceTree = "<group>"; };
		F6D247871F6FC08F005B4C2A /* iOs-Hue.app */ = {isa = PBXFileReference; explicitFileType = wrapper.application; includeInIndex = 0; path = "iOs-Hue.app"; sourceTree = BUILT_PRODUCTS_DIR; };
		F6D2478A1F6FC08F005B4C2A /* AppDelegate.swift */ = {isa = PBXFileReference; lastKnownFileType = sourcecode.swift; path = AppDelegate.swift; sourceTree = "<group>"; };
		F6D2478C1F6FC08F005B4C2A /* ViewController.swift */ = {isa = PBXFileReference; lastKnownFileType = sourcecode.swift; path = ViewController.swift; sourceTree = "<group>"; };
		F6D2478F1F6FC08F005B4C2A /* Base */ = {isa = PBXFileReference; lastKnownFileType = file.storyboard; name = Base; path = Base.lproj/Main.storyboard; sourceTree = "<group>"; };
		F6D247911F6FC08F005B4C2A /* Assets.xcassets */ = {isa = PBXFileReference; lastKnownFileType = folder.assetcatalog; path = Assets.xcassets; sourceTree = "<group>"; };
		F6D247941F6FC08F005B4C2A /* Base */ = {isa = PBXFileReference; lastKnownFileType = file.storyboard; name = Base; path = Base.lproj/LaunchScreen.storyboard; sourceTree = "<group>"; };
		F6D247961F6FC08F005B4C2A /* Info.plist */ = {isa = PBXFileReference; lastKnownFileType = text.plist.xml; path = Info.plist; sourceTree = "<group>"; };
		F6D2479B1F6FC08F005B4C2A /* iOs-HueTests.xctest */ = {isa = PBXFileReference; explicitFileType = wrapper.cfbundle; includeInIndex = 0; path = "iOs-HueTests.xctest"; sourceTree = BUILT_PRODUCTS_DIR; };
		F6D2479F1F6FC08F005B4C2A /* iOs_HueTests.swift */ = {isa = PBXFileReference; lastKnownFileType = sourcecode.swift; path = iOs_HueTests.swift; sourceTree = "<group>"; };
		F6D247A11F6FC08F005B4C2A /* Info.plist */ = {isa = PBXFileReference; lastKnownFileType = text.plist.xml; path = Info.plist; sourceTree = "<group>"; };
		F6D247A61F6FC090005B4C2A /* iOs-HueUITests.xctest */ = {isa = PBXFileReference; explicitFileType = wrapper.cfbundle; includeInIndex = 0; path = "iOs-HueUITests.xctest"; sourceTree = BUILT_PRODUCTS_DIR; };
		F6D247AA1F6FC090005B4C2A /* iOs_HueUITests.swift */ = {isa = PBXFileReference; lastKnownFileType = sourcecode.swift; path = iOs_HueUITests.swift; sourceTree = "<group>"; };
		F6D247AC1F6FC090005B4C2A /* Info.plist */ = {isa = PBXFileReference; lastKnownFileType = text.plist.xml; path = Info.plist; sourceTree = "<group>"; };
		F6D247B81F6FC77D005B4C2A /* Location.swift */ = {isa = PBXFileReference; fileEncoding = 4; lastKnownFileType = sourcecode.swift; path = Location.swift; sourceTree = "<group>"; };
		F6D247BA1F6FC7C4005B4C2A /* LocationTableViewCell.swift */ = {isa = PBXFileReference; fileEncoding = 4; lastKnownFileType = sourcecode.swift; path = LocationTableViewCell.swift; sourceTree = "<group>"; };
		F6D247C01F6FCE9C005B4C2A /* LocationTableViewController.swift */ = {isa = PBXFileReference; fileEncoding = 4; lastKnownFileType = sourcecode.swift; path = LocationTableViewController.swift; sourceTree = "<group>"; };
		F6D247C21F6FD3E5005B4C2A /* Hue.swift */ = {isa = PBXFileReference; fileEncoding = 4; lastKnownFileType = sourcecode.swift; path = Hue.swift; sourceTree = "<group>"; };
		F6D247C51F6FD49D005B4C2A /* HueTableViewCell.swift */ = {isa = PBXFileReference; fileEncoding = 4; lastKnownFileType = sourcecode.swift; path = HueTableViewCell.swift; sourceTree = "<group>"; };
		F6D247C71F6FD4B2005B4C2A /* HueTableViewController.swift */ = {isa = PBXFileReference; fileEncoding = 4; lastKnownFileType = sourcecode.swift; path = HueTableViewController.swift; sourceTree = "<group>"; };
		F6D247C91F6FD6B1005B4C2A /* AlamoFireHandler.swift */ = {isa = PBXFileReference; fileEncoding = 4; lastKnownFileType = sourcecode.swift; path = AlamoFireHandler.swift; sourceTree = "<group>"; };
/* End PBXFileReference section */

/* Begin PBXFrameworksBuildPhase section */
		F6D247841F6FC08F005B4C2A /* Frameworks */ = {
			isa = PBXFrameworksBuildPhase;
			buildActionMask = 2147483647;
			files = (
				F344274FCF0B7AE3D909CC8F /* Pods_iOs_Hue.framework in Frameworks */,
			);
			runOnlyForDeploymentPostprocessing = 0;
		};
		F6D247981F6FC08F005B4C2A /* Frameworks */ = {
			isa = PBXFrameworksBuildPhase;
			buildActionMask = 2147483647;
			files = (
				6860459409BC38CBA035B105 /* Pods_iOs_HueTests.framework in Frameworks */,
			);
			runOnlyForDeploymentPostprocessing = 0;
		};
		F6D247A31F6FC090005B4C2A /* Frameworks */ = {
			isa = PBXFrameworksBuildPhase;
			buildActionMask = 2147483647;
			files = (
				4620645E737DF0181C50E831 /* Pods_iOs_HueUITests.framework in Frameworks */,
			);
			runOnlyForDeploymentPostprocessing = 0;
		};
/* End PBXFrameworksBuildPhase section */

/* Begin PBXGroup section */
		5942B8F4751ABB0C9DD9407A /* Pods */ = {
			isa = PBXGroup;
			children = (
				ABA25245C33A46FAFFF41F7B /* Pods-iOs-Hue.debug.xcconfig */,
				F1D25AC534294DC4070472E4 /* Pods-iOs-Hue.release.xcconfig */,
				951230BFCDDA9E12FA894B2E /* Pods-iOs-HueTests.debug.xcconfig */,
				AB7D786B280D9CEB970127F9 /* Pods-iOs-HueTests.release.xcconfig */,
				95B791167166937E4E4FC115 /* Pods-iOs-HueUITests.debug.xcconfig */,
				ED8DCF23ACCD70FA98E41D5A /* Pods-iOs-HueUITests.release.xcconfig */,
			);
			name = Pods;
			sourceTree = "<group>";
		};
		DE6911EEE19D669777CC55F2 /* Frameworks */ = {
			isa = PBXGroup;
			children = (
				A4FD35CF85C705DAE8FF3DBC /* Pods_iOs_Hue.framework */,
				6F4643A75A4DFB557DC3AFB1 /* Pods_iOs_HueTests.framework */,
				8967D94C646B4004F52EADE9 /* Pods_iOs_HueUITests.framework */,
			);
			name = Frameworks;
			sourceTree = "<group>";
		};
		F6D2477E1F6FC08F005B4C2A = {
			isa = PBXGroup;
			children = (
				F6D247891F6FC08F005B4C2A /* iOs-Hue */,
				F6D2479E1F6FC08F005B4C2A /* iOs-HueTests */,
				F6D247A91F6FC090005B4C2A /* iOs-HueUITests */,
				F6D247881F6FC08F005B4C2A /* Products */,
				5942B8F4751ABB0C9DD9407A /* Pods */,
				DE6911EEE19D669777CC55F2 /* Frameworks */,
			);
			sourceTree = "<group>";
		};
		F6D247881F6FC08F005B4C2A /* Products */ = {
			isa = PBXGroup;
			children = (
				F6D247871F6FC08F005B4C2A /* iOs-Hue.app */,
				F6D2479B1F6FC08F005B4C2A /* iOs-HueTests.xctest */,
				F6D247A61F6FC090005B4C2A /* iOs-HueUITests.xctest */,
			);
			name = Products;
			sourceTree = "<group>";
		};
		F6D247891F6FC08F005B4C2A /* iOs-Hue */ = {
			isa = PBXGroup;
			children = (
				F6D247C41F6FD488005B4C2A /* HueHelper */,
				F6D247BF1F6FCE6C005B4C2A /* PlaceHelper */,
				F6D247BC1F6FCDE9005B4C2A /* Models */,
				F6D2478A1F6FC08F005B4C2A /* AppDelegate.swift */,
				F6D2478C1F6FC08F005B4C2A /* ViewController.swift */,
				F6D2478E1F6FC08F005B4C2A /* Main.storyboard */,
				F6D247911F6FC08F005B4C2A /* Assets.xcassets */,
				F6D247931F6FC08F005B4C2A /* LaunchScreen.storyboard */,
				F6D247961F6FC08F005B4C2A /* Info.plist */,
				F6D247C91F6FD6B1005B4C2A /* AlamoFireHandler.swift */,
			);
			path = "iOs-Hue";
			sourceTree = "<group>";
		};
		F6D2479E1F6FC08F005B4C2A /* iOs-HueTests */ = {
			isa = PBXGroup;
			children = (
				F6D2479F1F6FC08F005B4C2A /* iOs_HueTests.swift */,
				F6D247A11F6FC08F005B4C2A /* Info.plist */,
			);
			path = "iOs-HueTests";
			sourceTree = "<group>";
		};
		F6D247A91F6FC090005B4C2A /* iOs-HueUITests */ = {
			isa = PBXGroup;
			children = (
				F6D247AA1F6FC090005B4C2A /* iOs_HueUITests.swift */,
				F6D247AC1F6FC090005B4C2A /* Info.plist */,
			);
			path = "iOs-HueUITests";
			sourceTree = "<group>";
		};
		F6D247BC1F6FCDE9005B4C2A /* Models */ = {
			isa = PBXGroup;
			children = (
				F6D247B81F6FC77D005B4C2A /* Location.swift */,
				F6D247C21F6FD3E5005B4C2A /* Hue.swift */,
			);
			name = Models;
			sourceTree = "<group>";
		};
		F6D247BF1F6FCE6C005B4C2A /* PlaceHelper */ = {
			isa = PBXGroup;
			children = (
				F6D247BA1F6FC7C4005B4C2A /* LocationTableViewCell.swift */,
				F6D247C01F6FCE9C005B4C2A /* LocationTableViewController.swift */,
			);
			name = PlaceHelper;
			sourceTree = "<group>";
		};
		F6D247C41F6FD488005B4C2A /* HueHelper */ = {
			isa = PBXGroup;
			children = (
				F6D247C51F6FD49D005B4C2A /* HueTableViewCell.swift */,
				F6D247C71F6FD4B2005B4C2A /* HueTableViewController.swift */,
			);
			name = HueHelper;
			sourceTree = "<group>";
		};
/* End PBXGroup section */

/* Begin PBXNativeTarget section */
		F6D247861F6FC08F005B4C2A /* iOs-Hue */ = {
			isa = PBXNativeTarget;
			buildConfigurationList = F6D247AF1F6FC090005B4C2A /* Build configuration list for PBXNativeTarget "iOs-Hue" */;
			buildPhases = (
				0C9C55A09B361B23194E69DE /* [CP] Check Pods Manifest.lock */,
				F6D247831F6FC08F005B4C2A /* Sources */,
				F6D247841F6FC08F005B4C2A /* Frameworks */,
				F6D247851F6FC08F005B4C2A /* Resources */,
				328FF7ACD889B1AF0919F0FA /* [CP] Embed Pods Frameworks */,
				C10A5B3086FDAB0D4A30E7CC /* [CP] Copy Pods Resources */,
			);
			buildRules = (
			);
			dependencies = (
			);
			name = "iOs-Hue";
			productName = "iOs-Hue";
			productReference = F6D247871F6FC08F005B4C2A /* iOs-Hue.app */;
			productType = "com.apple.product-type.application";
		};
		F6D2479A1F6FC08F005B4C2A /* iOs-HueTests */ = {
			isa = PBXNativeTarget;
			buildConfigurationList = F6D247B21F6FC090005B4C2A /* Build configuration list for PBXNativeTarget "iOs-HueTests" */;
			buildPhases = (
				318F25AC4467E901149690A1 /* [CP] Check Pods Manifest.lock */,
				F6D247971F6FC08F005B4C2A /* Sources */,
				F6D247981F6FC08F005B4C2A /* Frameworks */,
				F6D247991F6FC08F005B4C2A /* Resources */,
				0A60F1501538EAC2C451AA25 /* [CP] Embed Pods Frameworks */,
				CFEFA575D5CD5E9B7AA10FA3 /* [CP] Copy Pods Resources */,
			);
			buildRules = (
			);
			dependencies = (
				F6D2479D1F6FC08F005B4C2A /* PBXTargetDependency */,
			);
			name = "iOs-HueTests";
			productName = "iOs-HueTests";
			productReference = F6D2479B1F6FC08F005B4C2A /* iOs-HueTests.xctest */;
			productType = "com.apple.product-type.bundle.unit-test";
		};
		F6D247A51F6FC090005B4C2A /* iOs-HueUITests */ = {
			isa = PBXNativeTarget;
			buildConfigurationList = F6D247B51F6FC090005B4C2A /* Build configuration list for PBXNativeTarget "iOs-HueUITests" */;
			buildPhases = (
				EE76F87431A87D300A59BD04 /* [CP] Check Pods Manifest.lock */,
				F6D247A21F6FC090005B4C2A /* Sources */,
				F6D247A31F6FC090005B4C2A /* Frameworks */,
				F6D247A41F6FC090005B4C2A /* Resources */,
				6978A45BF1816245AFEB3A8E /* [CP] Embed Pods Frameworks */,
				7CBF70D80017D4C33C7E4638 /* [CP] Copy Pods Resources */,
			);
			buildRules = (
			);
			dependencies = (
				F6D247A81F6FC090005B4C2A /* PBXTargetDependency */,
			);
			name = "iOs-HueUITests";
			productName = "iOs-HueUITests";
			productReference = F6D247A61F6FC090005B4C2A /* iOs-HueUITests.xctest */;
			productType = "com.apple.product-type.bundle.ui-testing";
		};
/* End PBXNativeTarget section */

/* Begin PBXProject section */
		F6D2477F1F6FC08F005B4C2A /* Project object */ = {
			isa = PBXProject;
			attributes = {
				LastSwiftUpdateCheck = 0830;
				LastUpgradeCheck = 0830;
				ORGANIZATIONNAME = "Tobias Termeczky@hotmail.com";
				TargetAttributes = {
					F6D247861F6FC08F005B4C2A = {
						CreatedOnToolsVersion = 8.3.3;
						ProvisioningStyle = Automatic;
					};
					F6D2479A1F6FC08F005B4C2A = {
						CreatedOnToolsVersion = 8.3.3;
						ProvisioningStyle = Automatic;
						TestTargetID = F6D247861F6FC08F005B4C2A;
					};
					F6D247A51F6FC090005B4C2A = {
						CreatedOnToolsVersion = 8.3.3;
						ProvisioningStyle = Automatic;
						TestTargetID = F6D247861F6FC08F005B4C2A;
					};
				};
			};
			buildConfigurationList = F6D247821F6FC08F005B4C2A /* Build configuration list for PBXProject "iOs-Hue" */;
			compatibilityVersion = "Xcode 3.2";
			developmentRegion = English;
			hasScannedForEncodings = 0;
			knownRegions = (
				en,
				Base,
			);
			mainGroup = F6D2477E1F6FC08F005B4C2A;
			productRefGroup = F6D247881F6FC08F005B4C2A /* Products */;
			projectDirPath = "";
			projectRoot = "";
			targets = (
				F6D247861F6FC08F005B4C2A /* iOs-Hue */,
				F6D2479A1F6FC08F005B4C2A /* iOs-HueTests */,
				F6D247A51F6FC090005B4C2A /* iOs-HueUITests */,
			);
		};
/* End PBXProject section */

/* Begin PBXResourcesBuildPhase section */
		F6D247851F6FC08F005B4C2A /* Resources */ = {
			isa = PBXResourcesBuildPhase;
			buildActionMask = 2147483647;
			files = (
				F6D247951F6FC08F005B4C2A /* LaunchScreen.storyboard in Resources */,
				F6D247921F6FC08F005B4C2A /* Assets.xcassets in Resources */,
				F6D247901F6FC08F005B4C2A /* Main.storyboard in Resources */,
			);
			runOnlyForDeploymentPostprocessing = 0;
		};
		F6D247991F6FC08F005B4C2A /* Resources */ = {
			isa = PBXResourcesBuildPhase;
			buildActionMask = 2147483647;
			files = (
			);
			runOnlyForDeploymentPostprocessing = 0;
		};
		F6D247A41F6FC090005B4C2A /* Resources */ = {
			isa = PBXResourcesBuildPhase;
			buildActionMask = 2147483647;
			files = (
			);
			runOnlyForDeploymentPostprocessing = 0;
		};
/* End PBXResourcesBuildPhase section */

/* Begin PBXShellScriptBuildPhase section */
		0A60F1501538EAC2C451AA25 /* [CP] Embed Pods Frameworks */ = {
			isa = PBXShellScriptBuildPhase;
			buildActionMask = 2147483647;
			files = (
			);
			inputPaths = (
			);
			name = "[CP] Embed Pods Frameworks";
			outputPaths = (
			);
			runOnlyForDeploymentPostprocessing = 0;
			shellPath = /bin/sh;
			shellScript = "\"${SRCROOT}/Pods/Target Support Files/Pods-iOs-HueTests/Pods-iOs-HueTests-frameworks.sh\"\n";
			showEnvVarsInLog = 0;
		};
		0C9C55A09B361B23194E69DE /* [CP] Check Pods Manifest.lock */ = {
			isa = PBXShellScriptBuildPhase;
			buildActionMask = 2147483647;
			files = (
			);
			inputPaths = (
				"${PODS_PODFILE_DIR_PATH}/Podfile.lock",
				"${PODS_ROOT}/Manifest.lock",
			);
			name = "[CP] Check Pods Manifest.lock";
			outputPaths = (
				"$(DERIVED_FILE_DIR)/Pods-iOs-Hue-checkManifestLockResult.txt",
			);
			runOnlyForDeploymentPostprocessing = 0;
			shellPath = /bin/sh;
			shellScript = "diff \"${PODS_PODFILE_DIR_PATH}/Podfile.lock\" \"${PODS_ROOT}/Manifest.lock\" > /dev/null\nif [ $? != 0 ] ; then\n    # print error to STDERR\n    echo \"error: The sandbox is not in sync with the Podfile.lock. Run 'pod install' or update your CocoaPods installation.\" >&2\n    exit 1\nfi\n# This output is used by Xcode 'outputs' to avoid re-running this script phase.\necho \"SUCCESS\" > \"${SCRIPT_OUTPUT_FILE_0}\"\n";
			showEnvVarsInLog = 0;
		};
		318F25AC4467E901149690A1 /* [CP] Check Pods Manifest.lock */ = {
			isa = PBXShellScriptBuildPhase;
			buildActionMask = 2147483647;
			files = (
			);
			inputPaths = (
				"${PODS_PODFILE_DIR_PATH}/Podfile.lock",
				"${PODS_ROOT}/Manifest.lock",
			);
			name = "[CP] Check Pods Manifest.lock";
			outputPaths = (
				"$(DERIVED_FILE_DIR)/Pods-iOs-HueTests-checkManifestLockResult.txt",
			);
			runOnlyForDeploymentPostprocessing = 0;
			shellPath = /bin/sh;
			shellScript = "diff \"${PODS_PODFILE_DIR_PATH}/Podfile.lock\" \"${PODS_ROOT}/Manifest.lock\" > /dev/null\nif [ $? != 0 ] ; then\n    # print error to STDERR\n    echo \"error: The sandbox is not in sync with the Podfile.lock. Run 'pod install' or update your CocoaPods installation.\" >&2\n    exit 1\nfi\n# This output is used by Xcode 'outputs' to avoid re-running this script phase.\necho \"SUCCESS\" > \"${SCRIPT_OUTPUT_FILE_0}\"\n";
			showEnvVarsInLog = 0;
		};
		328FF7ACD889B1AF0919F0FA /* [CP] Embed Pods Frameworks */ = {
			isa = PBXShellScriptBuildPhase;
			buildActionMask = 2147483647;
			files = (
			);
			inputPaths = (
				"${SRCROOT}/Pods/Target Support Files/Pods-iOs-Hue/Pods-iOs-Hue-frameworks.sh",
				"${BUILT_PRODUCTS_DIR}/Alamofire/Alamofire.framework",
				"${BUILT_PRODUCTS_DIR}/SwiftyJSON/SwiftyJSON.framework",
			);
			name = "[CP] Embed Pods Frameworks";
			outputPaths = (
				"${TARGET_BUILD_DIR}/${FRAMEWORKS_FOLDER_PATH}/Alamofire.framework",
				"${TARGET_BUILD_DIR}/${FRAMEWORKS_FOLDER_PATH}/SwiftyJSON.framework",
			);
			runOnlyForDeploymentPostprocessing = 0;
			shellPath = /bin/sh;
			shellScript = "\"${SRCROOT}/Pods/Target Support Files/Pods-iOs-Hue/Pods-iOs-Hue-frameworks.sh\"\n";
			showEnvVarsInLog = 0;
		};
		6978A45BF1816245AFEB3A8E /* [CP] Embed Pods Frameworks */ = {
			isa = PBXShellScriptBuildPhase;
			buildActionMask = 2147483647;
			files = (
			);
			inputPaths = (
			);
			name = "[CP] Embed Pods Frameworks";
			outputPaths = (
			);
			runOnlyForDeploymentPostprocessing = 0;
			shellPath = /bin/sh;
			shellScript = "\"${SRCROOT}/Pods/Target Support Files/Pods-iOs-HueUITests/Pods-iOs-HueUITests-frameworks.sh\"\n";
			showEnvVarsInLog = 0;
		};
		7CBF70D80017D4C33C7E4638 /* [CP] Copy Pods Resources */ = {
			isa = PBXShellScriptBuildPhase;
			buildActionMask = 2147483647;
			files = (
			);
			inputPaths = (
			);
			name = "[CP] Copy Pods Resources";
			outputPaths = (
			);
			runOnlyForDeploymentPostprocessing = 0;
			shellPath = /bin/sh;
			shellScript = "\"${SRCROOT}/Pods/Target Support Files/Pods-iOs-HueUITests/Pods-iOs-HueUITests-resources.sh\"\n";
			showEnvVarsInLog = 0;
		};
		C10A5B3086FDAB0D4A30E7CC /* [CP] Copy Pods Resources */ = {
			isa = PBXShellScriptBuildPhase;
			buildActionMask = 2147483647;
			files = (
			);
			inputPaths = (
			);
			name = "[CP] Copy Pods Resources";
			outputPaths = (
			);
			runOnlyForDeploymentPostprocessing = 0;
			shellPath = /bin/sh;
			shellScript = "\"${SRCROOT}/Pods/Target Support Files/Pods-iOs-Hue/Pods-iOs-Hue-resources.sh\"\n";
			showEnvVarsInLog = 0;
		};
		CFEFA575D5CD5E9B7AA10FA3 /* [CP] Copy Pods Resources */ = {
			isa = PBXShellScriptBuildPhase;
			buildActionMask = 2147483647;
			files = (
			);
			inputPaths = (
			);
			name = "[CP] Copy Pods Resources";
			outputPaths = (
			);
			runOnlyForDeploymentPostprocessing = 0;
			shellPath = /bin/sh;
			shellScript = "\"${SRCROOT}/Pods/Target Support Files/Pods-iOs-HueTests/Pods-iOs-HueTests-resources.sh\"\n";
			showEnvVarsInLog = 0;
		};
		EE76F87431A87D300A59BD04 /* [CP] Check Pods Manifest.lock */ = {
			isa = PBXShellScriptBuildPhase;
			buildActionMask = 2147483647;
			files = (
			);
			inputPaths = (
				"${PODS_PODFILE_DIR_PATH}/Podfile.lock",
				"${PODS_ROOT}/Manifest.lock",
			);
			name = "[CP] Check Pods Manifest.lock";
			outputPaths = (
				"$(DERIVED_FILE_DIR)/Pods-iOs-HueUITests-checkManifestLockResult.txt",
			);
			runOnlyForDeploymentPostprocessing = 0;
			shellPath = /bin/sh;
			shellScript = "diff \"${PODS_PODFILE_DIR_PATH}/Podfile.lock\" \"${PODS_ROOT}/Manifest.lock\" > /dev/null\nif [ $? != 0 ] ; then\n    # print error to STDERR\n    echo \"error: The sandbox is not in sync with the Podfile.lock. Run 'pod install' or update your CocoaPods installation.\" >&2\n    exit 1\nfi\n# This output is used by Xcode 'outputs' to avoid re-running this script phase.\necho \"SUCCESS\" > \"${SCRIPT_OUTPUT_FILE_0}\"\n";
			showEnvVarsInLog = 0;
		};
/* End PBXShellScriptBuildPhase section */

/* Begin PBXSourcesBuildPhase section */
		F6D247831F6FC08F005B4C2A /* Sources */ = {
			isa = PBXSourcesBuildPhase;
			buildActionMask = 2147483647;
			files = (
				F6D247C81F6FD4B2005B4C2A /* HueTableViewController.swift in Sources */,
				F6D247C61F6FD49D005B4C2A /* HueTableViewCell.swift in Sources */,
				F6D2478D1F6FC08F005B4C2A /* ViewController.swift in Sources */,
				F6D247B91F6FC77D005B4C2A /* Location.swift in Sources */,
				F6D247C31F6FD3E5005B4C2A /* Hue.swift in Sources */,
				F6D247BB1F6FC7C4005B4C2A /* LocationTableViewCell.swift in Sources */,
				F6D247C11F6FCE9C005B4C2A /* LocationTableViewController.swift in Sources */,
				F6D2478B1F6FC08F005B4C2A /* AppDelegate.swift in Sources */,
				F6D247CA1F6FD6B1005B4C2A /* AlamoFireHandler.swift in Sources */,
			);
			runOnlyForDeploymentPostprocessing = 0;
		};
		F6D247971F6FC08F005B4C2A /* Sources */ = {
			isa = PBXSourcesBuildPhase;
			buildActionMask = 2147483647;
			files = (
				F6D247A01F6FC08F005B4C2A /* iOs_HueTests.swift in Sources */,
			);
			runOnlyForDeploymentPostprocessing = 0;
		};
		F6D247A21F6FC090005B4C2A /* Sources */ = {
			isa = PBXSourcesBuildPhase;
			buildActionMask = 2147483647;
			files = (
				F6D247AB1F6FC090005B4C2A /* iOs_HueUITests.swift in Sources */,
			);
			runOnlyForDeploymentPostprocessing = 0;
		};
/* End PBXSourcesBuildPhase section */

/* Begin PBXTargetDependency section */
		F6D2479D1F6FC08F005B4C2A /* PBXTargetDependency */ = {
			isa = PBXTargetDependency;
			target = F6D247861F6FC08F005B4C2A /* iOs-Hue */;
			targetProxy = F6D2479C1F6FC08F005B4C2A /* PBXContainerItemProxy */;
		};
		F6D247A81F6FC090005B4C2A /* PBXTargetDependency */ = {
			isa = PBXTargetDependency;
			target = F6D247861F6FC08F005B4C2A /* iOs-Hue */;
			targetProxy = F6D247A71F6FC090005B4C2A /* PBXContainerItemProxy */;
		};
/* End PBXTargetDependency section */

/* Begin PBXVariantGroup section */
		F6D2478E1F6FC08F005B4C2A /* Main.storyboard */ = {
			isa = PBXVariantGroup;
			children = (
				F6D2478F1F6FC08F005B4C2A /* Base */,
			);
			name = Main.storyboard;
			sourceTree = "<group>";
		};
		F6D247931F6FC08F005B4C2A /* LaunchScreen.storyboard */ = {
			isa = PBXVariantGroup;
			children = (
				F6D247941F6FC08F005B4C2A /* Base */,
			);
			name = LaunchScreen.storyboard;
			sourceTree = "<group>";
		};
/* End PBXVariantGroup section */

/* Begin XCBuildConfiguration section */
		F6D247AD1F6FC090005B4C2A /* Debug */ = {
			isa = XCBuildConfiguration;
			buildSettings = {
				ALWAYS_SEARCH_USER_PATHS = NO;
				CLANG_ANALYZER_NONNULL = YES;
				CLANG_ANALYZER_NUMBER_OBJECT_CONVERSION = YES_AGGRESSIVE;
				CLANG_CXX_LANGUAGE_STANDARD = "gnu++0x";
				CLANG_CXX_LIBRARY = "libc++";
				CLANG_ENABLE_MODULES = YES;
				CLANG_ENABLE_OBJC_ARC = YES;
				CLANG_WARN_BOOL_CONVERSION = YES;
				CLANG_WARN_CONSTANT_CONVERSION = YES;
				CLANG_WARN_DIRECT_OBJC_ISA_USAGE = YES_ERROR;
				CLANG_WARN_DOCUMENTATION_COMMENTS = YES;
				CLANG_WARN_EMPTY_BODY = YES;
				CLANG_WARN_ENUM_CONVERSION = YES;
				CLANG_WARN_INFINITE_RECURSION = YES;
				CLANG_WARN_INT_CONVERSION = YES;
				CLANG_WARN_OBJC_ROOT_CLASS = YES_ERROR;
				CLANG_WARN_SUSPICIOUS_MOVE = YES;
				CLANG_WARN_UNREACHABLE_CODE = YES;
				CLANG_WARN__DUPLICATE_METHOD_MATCH = YES;
				"CODE_SIGN_IDENTITY[sdk=iphoneos*]" = "iPhone Developer";
				COPY_PHASE_STRIP = NO;
				DEBUG_INFORMATION_FORMAT = dwarf;
				ENABLE_STRICT_OBJC_MSGSEND = YES;
				ENABLE_TESTABILITY = YES;
				GCC_C_LANGUAGE_STANDARD = gnu99;
				GCC_DYNAMIC_NO_PIC = NO;
				GCC_NO_COMMON_BLOCKS = YES;
				GCC_OPTIMIZATION_LEVEL = 0;
				GCC_PREPROCESSOR_DEFINITIONS = (
					"DEBUG=1",
					"$(inherited)",
				);
				GCC_WARN_64_TO_32_BIT_CONVERSION = YES;
				GCC_WARN_ABOUT_RETURN_TYPE = YES_ERROR;
				GCC_WARN_UNDECLARED_SELECTOR = YES;
				GCC_WARN_UNINITIALIZED_AUTOS = YES_AGGRESSIVE;
				GCC_WARN_UNUSED_FUNCTION = YES;
				GCC_WARN_UNUSED_VARIABLE = YES;
				IPHONEOS_DEPLOYMENT_TARGET = 10.3;
				MTL_ENABLE_DEBUG_INFO = YES;
				ONLY_ACTIVE_ARCH = YES;
				SDKROOT = iphoneos;
				SWIFT_ACTIVE_COMPILATION_CONDITIONS = DEBUG;
				SWIFT_OPTIMIZATION_LEVEL = "-Onone";
				TARGETED_DEVICE_FAMILY = "1,2";
			};
			name = Debug;
		};
		F6D247AE1F6FC090005B4C2A /* Release */ = {
			isa = XCBuildConfiguration;
			buildSettings = {
				ALWAYS_SEARCH_USER_PATHS = NO;
				CLANG_ANALYZER_NONNULL = YES;
				CLANG_ANALYZER_NUMBER_OBJECT_CONVERSION = YES_AGGRESSIVE;
				CLANG_CXX_LANGUAGE_STANDARD = "gnu++0x";
				CLANG_CXX_LIBRARY = "libc++";
				CLANG_ENABLE_MODULES = YES;
				CLANG_ENABLE_OBJC_ARC = YES;
				CLANG_WARN_BOOL_CONVERSION = YES;
				CLANG_WARN_CONSTANT_CONVERSION = YES;
				CLANG_WARN_DIRECT_OBJC_ISA_USAGE = YES_ERROR;
				CLANG_WARN_DOCUMENTATION_COMMENTS = YES;
				CLANG_WARN_EMPTY_BODY = YES;
				CLANG_WARN_ENUM_CONVERSION = YES;
				CLANG_WARN_INFINITE_RECURSION = YES;
				CLANG_WARN_INT_CONVERSION = YES;
				CLANG_WARN_OBJC_ROOT_CLASS = YES_ERROR;
				CLANG_WARN_SUSPICIOUS_MOVE = YES;
				CLANG_WARN_UNREACHABLE_CODE = YES;
				CLANG_WARN__DUPLICATE_METHOD_MATCH = YES;
				"CODE_SIGN_IDENTITY[sdk=iphoneos*]" = "iPhone Developer";
				COPY_PHASE_STRIP = NO;
				DEBUG_INFORMATION_FORMAT = "dwarf-with-dsym";
				ENABLE_NS_ASSERTIONS = NO;
				ENABLE_STRICT_OBJC_MSGSEND = YES;
				GCC_C_LANGUAGE_STANDARD = gnu99;
				GCC_NO_COMMON_BLOCKS = YES;
				GCC_WARN_64_TO_32_BIT_CONVERSION = YES;
				GCC_WARN_ABOUT_RETURN_TYPE = YES_ERROR;
				GCC_WARN_UNDECLARED_SELECTOR = YES;
				GCC_WARN_UNINITIALIZED_AUTOS = YES_AGGRESSIVE;
				GCC_WARN_UNUSED_FUNCTION = YES;
				GCC_WARN_UNUSED_VARIABLE = YES;
				IPHONEOS_DEPLOYMENT_TARGET = 10.3;
				MTL_ENABLE_DEBUG_INFO = NO;
				SDKROOT = iphoneos;
				SWIFT_OPTIMIZATION_LEVEL = "-Owholemodule";
				TARGETED_DEVICE_FAMILY = "1,2";
				VALIDATE_PRODUCT = YES;
			};
			name = Release;
		};
		F6D247B01F6FC090005B4C2A /* Debug */ = {
			isa = XCBuildConfiguration;
			baseConfigurationReference = ABA25245C33A46FAFFF41F7B /* Pods-iOs-Hue.debug.xcconfig */;
			buildSettings = {
				ASSETCATALOG_COMPILER_APPICON_NAME = AppIcon;
				INFOPLIST_FILE = "iOs-Hue/Info.plist";
				LD_RUNPATH_SEARCH_PATHS = "$(inherited) @executable_path/Frameworks";
				PRODUCT_BUNDLE_IDENTIFIER = "nl.yzaazy.iOs-Hue";
				PRODUCT_NAME = "$(TARGET_NAME)";
				SWIFT_VERSION = 3.0;
			};
			name = Debug;
		};
		F6D247B11F6FC090005B4C2A /* Release */ = {
			isa = XCBuildConfiguration;
			baseConfigurationReference = F1D25AC534294DC4070472E4 /* Pods-iOs-Hue.release.xcconfig */;
			buildSettings = {
				ASSETCATALOG_COMPILER_APPICON_NAME = AppIcon;
				INFOPLIST_FILE = "iOs-Hue/Info.plist";
				LD_RUNPATH_SEARCH_PATHS = "$(inherited) @executable_path/Frameworks";
				PRODUCT_BUNDLE_IDENTIFIER = "nl.yzaazy.iOs-Hue";
				PRODUCT_NAME = "$(TARGET_NAME)";
				SWIFT_VERSION = 3.0;
			};
			name = Release;
		};
		F6D247B31F6FC090005B4C2A /* Debug */ = {
			isa = XCBuildConfiguration;
			baseConfigurationReference = 951230BFCDDA9E12FA894B2E /* Pods-iOs-HueTests.debug.xcconfig */;
			buildSettings = {
				ALWAYS_EMBED_SWIFT_STANDARD_LIBRARIES = YES;
				BUNDLE_LOADER = "$(TEST_HOST)";
				INFOPLIST_FILE = "iOs-HueTests/Info.plist";
				LD_RUNPATH_SEARCH_PATHS = "$(inherited) @executable_path/Frameworks @loader_path/Frameworks";
				PRODUCT_BUNDLE_IDENTIFIER = "nl.yzaazy.iOs-HueTests";
				PRODUCT_NAME = "$(TARGET_NAME)";
				SWIFT_VERSION = 3.0;
				TEST_HOST = "$(BUILT_PRODUCTS_DIR)/iOs-Hue.app/iOs-Hue";
			};
			name = Debug;
		};
		F6D247B41F6FC090005B4C2A /* Release */ = {
			isa = XCBuildConfiguration;
			baseConfigurationReference = AB7D786B280D9CEB970127F9 /* Pods-iOs-HueTests.release.xcconfig */;
			buildSettings = {
				ALWAYS_EMBED_SWIFT_STANDARD_LIBRARIES = YES;
				BUNDLE_LOADER = "$(TEST_HOST)";
				INFOPLIST_FILE = "iOs-HueTests/Info.plist";
				LD_RUNPATH_SEARCH_PATHS = "$(inherited) @executable_path/Frameworks @loader_path/Frameworks";
				PRODUCT_BUNDLE_IDENTIFIER = "nl.yzaazy.iOs-HueTests";
				PRODUCT_NAME = "$(TARGET_NAME)";
				SWIFT_VERSION = 3.0;
				TEST_HOST = "$(BUILT_PRODUCTS_DIR)/iOs-Hue.app/iOs-Hue";
			};
			name = Release;
		};
		F6D247B61F6FC090005B4C2A /* Debug */ = {
			isa = XCBuildConfiguration;
			baseConfigurationReference = 95B791167166937E4E4FC115 /* Pods-iOs-HueUITests.debug.xcconfig */;
			buildSettings = {
				ALWAYS_EMBED_SWIFT_STANDARD_LIBRARIES = YES;
				INFOPLIST_FILE = "iOs-HueUITests/Info.plist";
				LD_RUNPATH_SEARCH_PATHS = "$(inherited) @executable_path/Frameworks @loader_path/Frameworks";
				PRODUCT_BUNDLE_IDENTIFIER = "nl.yzaazy.iOs-HueUITests";
				PRODUCT_NAME = "$(TARGET_NAME)";
				SWIFT_VERSION = 3.0;
				TEST_TARGET_NAME = "iOs-Hue";
			};
			name = Debug;
		};
		F6D247B71F6FC090005B4C2A /* Release */ = {
			isa = XCBuildConfiguration;
			baseConfigurationReference = ED8DCF23ACCD70FA98E41D5A /* Pods-iOs-HueUITests.release.xcconfig */;
			buildSettings = {
				ALWAYS_EMBED_SWIFT_STANDARD_LIBRARIES = YES;
				INFOPLIST_FILE = "iOs-HueUITests/Info.plist";
				LD_RUNPATH_SEARCH_PATHS = "$(inherited) @executable_path/Frameworks @loader_path/Frameworks";
				PRODUCT_BUNDLE_IDENTIFIER = "nl.yzaazy.iOs-HueUITests";
				PRODUCT_NAME = "$(TARGET_NAME)";
				SWIFT_VERSION = 3.0;
				TEST_TARGET_NAME = "iOs-Hue";
			};
			name = Release;
		};
/* End XCBuildConfiguration section */

/* Begin XCConfigurationList section */
		F6D247821F6FC08F005B4C2A /* Build configuration list for PBXProject "iOs-Hue" */ = {
			isa = XCConfigurationList;
			buildConfigurations = (
				F6D247AD1F6FC090005B4C2A /* Debug */,
				F6D247AE1F6FC090005B4C2A /* Release */,
			);
			defaultConfigurationIsVisible = 0;
			defaultConfigurationName = Release;
		};
		F6D247AF1F6FC090005B4C2A /* Build configuration list for PBXNativeTarget "iOs-Hue" */ = {
			isa = XCConfigurationList;
			buildConfigurations = (
				F6D247B01F6FC090005B4C2A /* Debug */,
				F6D247B11F6FC090005B4C2A /* Release */,
			);
			defaultConfigurationIsVisible = 0;
			defaultConfigurationName = Release;
		};
		F6D247B21F6FC090005B4C2A /* Build configuration list for PBXNativeTarget "iOs-HueTests" */ = {
			isa = XCConfigurationList;
			buildConfigurations = (
				F6D247B31F6FC090005B4C2A /* Debug */,
				F6D247B41F6FC090005B4C2A /* Release */,
			);
			defaultConfigurationIsVisible = 0;
			defaultConfigurationName = Release;
		};
		F6D247B51F6FC090005B4C2A /* Build configuration list for PBXNativeTarget "iOs-HueUITests" */ = {
			isa = XCConfigurationList;
			buildConfigurations = (
				F6D247B61F6FC090005B4C2A /* Debug */,
				F6D247B71F6FC090005B4C2A /* Release */,
			);
			defaultConfigurationIsVisible = 0;
			defaultConfigurationName = Release;
		};
/* End XCConfigurationList section */
	};
	rootObject = F6D2477F1F6FC08F005B4C2A /* Project object */;
}
